// !$*UTF8*$!
{
	archiveVersion = 1;
	classes = {
	};
	objectVersion = 50;
	objects = {

/* Begin PBXBuildFile section */
		3660BF4D24737061005A72B9 /* AppDelegate.swift in Sources */ = {isa = PBXBuildFile; fileRef = 3660BF4C24737061005A72B9 /* AppDelegate.swift */; };
		3660BF4F24737061005A72B9 /* SceneDelegate.swift in Sources */ = {isa = PBXBuildFile; fileRef = 3660BF4E24737061005A72B9 /* SceneDelegate.swift */; };
		3660BF5124737061005A72B9 /* ViewController.swift in Sources */ = {isa = PBXBuildFile; fileRef = 3660BF5024737061005A72B9 /* ViewController.swift */; };
		3660BF5424737061005A72B9 /* Main.storyboard in Resources */ = {isa = PBXBuildFile; fileRef = 3660BF5224737061005A72B9 /* Main.storyboard */; };
		3660BF5624737065005A72B9 /* Assets.xcassets in Resources */ = {isa = PBXBuildFile; fileRef = 3660BF5524737065005A72B9 /* Assets.xcassets */; };
		3660BF5924737065005A72B9 /* LaunchScreen.storyboard in Resources */ = {isa = PBXBuildFile; fileRef = 3660BF5724737065005A72B9 /* LaunchScreen.storyboard */; };
		3660BF612473740E005A72B9 /* Inceptionv3.mlmodel in Sources */ = {isa = PBXBuildFile; fileRef = 3660BF602473740E005A72B9 /* Inceptionv3.mlmodel */; };
		36676FD32474A40C00A22E5B /* JerukManggis.mlmodel in Sources */ = {isa = PBXBuildFile; fileRef = 36676FD22474A40C00A22E5B /* JerukManggis.mlmodel */; };
/* End PBXBuildFile section */

/* Begin PBXFileReference section */
		3660BF4924737061005A72B9 /* CoreMLExample.app */ = {isa = PBXFileReference; explicitFileType = wrapper.application; includeInIndex = 0; path = CoreMLExample.app; sourceTree = BUILT_PRODUCTS_DIR; };
		3660BF4C24737061005A72B9 /* AppDelegate.swift */ = {isa = PBXFileReference; lastKnownFileType = sourcecode.swift; path = AppDelegate.swift; sourceTree = "<group>"; };
		3660BF4E24737061005A72B9 /* SceneDelegate.swift */ = {isa = PBXFileReference; lastKnownFileType = sourcecode.swift; path = SceneDelegate.swift; sourceTree = "<group>"; };
		3660BF5024737061005A72B9 /* ViewController.swift */ = {isa = PBXFileReference; lastKnownFileType = sourcecode.swift; path = ViewController.swift; sourceTree = "<group>"; };
		3660BF5324737061005A72B9 /* Base */ = {isa = PBXFileReference; lastKnownFileType = file.storyboard; name = Base; path = Base.lproj/Main.storyboard; sourceTree = "<group>"; };
		3660BF5524737065005A72B9 /* Assets.xcassets */ = {isa = PBXFileReference; lastKnownFileType = folder.assetcatalog; path = Assets.xcassets; sourceTree = "<group>"; };
		3660BF5824737065005A72B9 /* Base */ = {isa = PBXFileReference; lastKnownFileType = file.storyboard; name = Base; path = Base.lproj/LaunchScreen.storyboard; sourceTree = "<group>"; };
		3660BF5A24737065005A72B9 /* Info.plist */ = {isa = PBXFileReference; lastKnownFileType = text.plist.xml; path = Info.plist; sourceTree = "<group>"; };
		3660BF602473740E005A72B9 /* Inceptionv3.mlmodel */ = {isa = PBXFileReference; lastKnownFileType = file.mlmodel; path = Inceptionv3.mlmodel; sourceTree = "<group>"; };
		36676FD22474A40C00A22E5B /* JerukManggis.mlmodel */ = {isa = PBXFileReference; lastKnownFileType = file.mlmodel; path = JerukManggis.mlmodel; sourceTree = "<group>"; };
/* End PBXFileReference section */

/* Begin PBXFrameworksBuildPhase section */
		3660BF4624737061005A72B9 /* Frameworks */ = {
			isa = PBXFrameworksBuildPhase;
			buildActionMask = 2147483647;
			files = (
			);
			runOnlyForDeploymentPostprocessing = 0;
		};
/* End PBXFrameworksBuildPhase section */

/* Begin PBXGroup section */
		3660BF4024737061005A72B9 = {
			isa = PBXGroup;
			children = (
				3660BF4B24737061005A72B9 /* CoreMLExample */,
				3660BF4A24737061005A72B9 /* Products */,
			);
			sourceTree = "<group>";
		};
		3660BF4A24737061005A72B9 /* Products */ = {
			isa = PBXGroup;
			children = (
				3660BF4924737061005A72B9 /* CoreMLExample.app */,
			);
			name = Products;
			sourceTree = "<group>";
		};
		3660BF4B24737061005A72B9 /* CoreMLExample */ = {
			isa = PBXGroup;
			children = (
				3660BF602473740E005A72B9 /* Inceptionv3.mlmodel */,
				36676FD22474A40C00A22E5B /* JerukManggis.mlmodel */,
				3660BF4C24737061005A72B9 /* AppDelegate.swift */,
				3660BF4E24737061005A72B9 /* SceneDelegate.swift */,
				3660BF5024737061005A72B9 /* ViewController.swift */,
				3660BF5224737061005A72B9 /* Main.storyboard */,
				3660BF5524737065005A72B9 /* Assets.xcassets */,
				3660BF5724737065005A72B9 /* LaunchScreen.storyboard */,
				3660BF5A24737065005A72B9 /* Info.plist */,
			);
			path = CoreMLExample;
			sourceTree = "<group>";
		};
/* End PBXGroup section */

/* Begin PBXNativeTarget section */
		3660BF4824737061005A72B9 /* CoreMLExample */ = {
			isa = PBXNativeTarget;
			buildConfigurationList = 3660BF5D24737065005A72B9 /* Build configuration list for PBXNativeTarget "CoreMLExample" */;
			buildPhases = (
				3660BF4524737061005A72B9 /* Sources */,
				3660BF4624737061005A72B9 /* Frameworks */,
				3660BF4724737061005A72B9 /* Resources */,
			);
			buildRules = (
			);
			dependencies = (
			);
			name = CoreMLExample;
			productName = CoreMLExample;
			productReference = 3660BF4924737061005A72B9 /* CoreMLExample.app */;
			productType = "com.apple.product-type.application";
		};
/* End PBXNativeTarget section */

/* Begin PBXProject section */
		3660BF4124737061005A72B9 /* Project object */ = {
			isa = PBXProject;
			attributes = {
				LastSwiftUpdateCheck = 1140;
				LastUpgradeCheck = 1140;
				ORGANIZATIONNAME = "Rizal Hilman";
				TargetAttributes = {
					3660BF4824737061005A72B9 = {
						CreatedOnToolsVersion = 11.4;
					};
				};
			};
			buildConfigurationList = 3660BF4424737061005A72B9 /* Build configuration list for PBXProject "CoreMLExample" */;
			compatibilityVersion = "Xcode 9.3";
			developmentRegion = en;
			hasScannedForEncodings = 0;
			knownRegions = (
				en,
				Base,
			);
			mainGroup = 3660BF4024737061005A72B9;
			productRefGroup = 3660BF4A24737061005A72B9 /* Products */;
			projectDirPath = "";
			projectRoot = "";
			targets = (
				3660BF4824737061005A72B9 /* CoreMLExample */,
			);
		};
/* End PBXProject section */

/* Begin PBXResourcesBuildPhase section */
		3660BF4724737061005A72B9 /* Resources */ = {
			isa = PBXResourcesBuildPhase;
			buildActionMask = 2147483647;
			files = (
				3660BF5924737065005A72B9 /* LaunchScreen.storyboard in Resources */,
				3660BF5624737065005A72B9 /* Assets.xcassets in Resources */,
				3660BF5424737061005A72B9 /* Main.storyboard in Resources */,
			);
			runOnlyForDeploymentPostprocessing = 0;
		};
/* End PBXResourcesBuildPhase section */

/* Begin PBXSourcesBuildPhase section */
		3660BF4524737061005A72B9 /* Sources */ = {
			isa = PBXSourcesBuildPhase;
			buildActionMask = 2147483647;
			files = (
				3660BF5124737061005A72B9 /* ViewController.swift in Sources */,
				3660BF612473740E005A72B9 /* Inceptionv3.mlmodel in Sources */,
				36676FD32474A40C00A22E5B /* JerukManggis.mlmodel in Sources */,
				3660BF4D24737061005A72B9 /* AppDelegate.swift in Sources */,
				3660BF4F24737061005A72B9 /* SceneDelegate.swift in Sources */,
			);
			runOnlyForDeploymentPostprocessing = 0;
		};
/* End PBXSourcesBuildPhase section */

/* Begin PBXVariantGroup section */
		3660BF5224737061005A72B9 /* Main.storyboard */ = {
			isa = PBXVariantGroup;
			children = (
				3660BF5324737061005A72B9 /* Base */,
			);
			name = Main.storyboard;
			sourceTree = "<group>";
		};
		3660BF5724737065005A72B9 /* LaunchScreen.storyboard */ = {
			isa = PBXVariantGroup;
			children = (
				3660BF5824737065005A72B9 /* Base */,
			);
			name = LaunchScreen.storyboard;
			sourceTree = "<group>";
		};
/* End PBXVariantGroup section */

/* Begin XCBuildConfiguration section */
		3660BF5B24737065005A72B9 /* Debug */ = {
			isa = XCBuildConfiguration;
			buildSettings = {
				ALWAYS_SEARCH_USER_PATHS = NO;
				CLANG_ANALYZER_NONNULL = YES;
				CLANG_ANALYZER_NUMBER_OBJECT_CONVERSION = YES_AGGRESSIVE;
				CLANG_CXX_LANGUAGE_STANDARD = "gnu++14";
				CLANG_CXX_LIBRARY = "libc++";
				CLANG_ENABLE_MODULES = YES;
				CLANG_ENABLE_OBJC_ARC = YES;
				CLANG_ENABLE_OBJC_WEAK = YES;
				CLANG_WARN_BLOCK_CAPTURE_AUTORELEASING = YES;
				CLANG_WARN_BOOL_CONVERSION = YES;
				CLANG_WARN_COMMA = YES;
				CLANG_WARN_CONSTANT_CONVERSION = YES;
				CLANG_WARN_DEPRECATED_OBJC_IMPLEMENTATIONS = YES;
				CLANG_WARN_DIRECT_OBJC_ISA_USAGE = YES_ERROR;
				CLANG_WARN_DOCUMENTATION_COMMENTS = YES;
				CLANG_WARN_EMPTY_BODY = YES;
				CLANG_WARN_ENUM_CONVERSION = YES;
				CLANG_WARN_INFINITE_RECURSION = YES;
				CLANG_WARN_INT_CONVERSION = YES;
				CLANG_WARN_NON_LITERAL_NULL_CONVERSION = YES;
				CLANG_WARN_OBJC_IMPLICIT_RETAIN_SELF = YES;
				CLANG_WARN_OBJC_LITERAL_CONVERSION = YES;
				CLANG_WARN_OBJC_ROOT_CLASS = YES_ERROR;
				CLANG_WARN_RANGE_LOOP_ANALYSIS = YES;
				CLANG_WARN_STRICT_PROTOTYPES = YES;
				CLANG_WARN_SUSPICIOUS_MOVE = YES;
				CLANG_WARN_UNGUARDED_AVAILABILITY = YES_AGGRESSIVE;
				CLANG_WARN_UNREACHABLE_CODE = YES;
				CLANG_WARN__DUPLICATE_METHOD_MATCH = YES;
				COPY_PHASE_STRIP = NO;
				DEBUG_INFORMATION_FORMAT = dwarf;
				ENABLE_STRICT_OBJC_MSGSEND = YES;
				ENABLE_TESTABILITY = YES;
				GCC_C_LANGUAGE_STANDARD = gnu11;
				GCC_DYNAMIC_NO_PIC = NO;
				GCC_NO_COMMON_BLOCKS = YES;
				GCC_OPTIMIZATION_LEVEL = 0;
				GCC_PREPROCESSOR_DEFINITIONS = (
					"DEBUG=1",
					"$(inherited)",
				);
				GCC_WARN_64_TO_32_BIT_CONVERSION = YES;
				GCC_WARN_ABOUT_RETURN_TYPE = YES_ERROR;
				GCC_WARN_UNDECLARED_SELECTOR = YES;
				GCC_WARN_UNINITIALIZED_AUTOS = YES_AGGRESSIVE;
				GCC_WARN_UNUSED_FUNCTION = YES;
				GCC_WARN_UNUSED_VARIABLE = YES;
				IPHONEOS_DEPLOYMENT_TARGET = 13.1;
				MTL_ENABLE_DEBUG_INFO = INCLUDE_SOURCE;
				MTL_FAST_MATH = YES;
				ONLY_ACTIVE_ARCH = YES;
				SDKROOT = iphoneos;
				SWIFT_ACTIVE_COMPILATION_CONDITIONS = DEBUG;
				SWIFT_OPTIMIZATION_LEVEL = "-Onone";
			};
			name = Debug;
		};
		3660BF5C24737065005A72B9 /* Release */ = {
			isa = XCBuildConfiguration;
			buildSettings = {
				ALWAYS_SEARCH_USER_PATHS = NO;
				CLANG_ANALYZER_NONNULL = YES;
				CLANG_ANALYZER_NUMBER_OBJECT_CONVERSION = YES_AGGRESSIVE;
				CLANG_CXX_LANGUAGE_STANDARD = "gnu++14";
				CLANG_CXX_LIBRARY = "libc++";
				CLANG_ENABLE_MODULES = YES;
				CLANG_ENABLE_OBJC_ARC = YES;
				CLANG_ENABLE_OBJC_WEAK = YES;
				CLANG_WARN_BLOCK_CAPTURE_AUTORELEASING = YES;
				CLANG_WARN_BOOL_CONVERSION = YES;
				CLANG_WARN_COMMA = YES;
				CLANG_WARN_CONSTANT_CONVERSION = YES;
				CLANG_WARN_DEPRECATED_OBJC_IMPLEMENTATIONS = YES;
				CLANG_WARN_DIRECT_OBJC_ISA_USAGE = YES_ERROR;
				CLANG_WARN_DOCUMENTATION_COMMENTS = YES;
				CLANG_WARN_EMPTY_BODY = YES;
				CLANG_WARN_ENUM_CONVERSION = YES;
				CLANG_WARN_INFINITE_RECURSION = YES;
				CLANG_WARN_INT_CONVERSION = YES;
				CLANG_WARN_NON_LITERAL_NULL_CONVERSION = YES;
				CLANG_WARN_OBJC_IMPLICIT_RETAIN_SELF = YES;
				CLANG_WARN_OBJC_LITERAL_CONVERSION = YES;
				CLANG_WARN_OBJC_ROOT_CLASS = YES_ERROR;
				CLANG_WARN_RANGE_LOOP_ANALYSIS = YES;
				CLANG_WARN_STRICT_PROTOTYPES = YES;
				CLANG_WARN_SUSPICIOUS_MOVE = YES;
				CLANG_WARN_UNGUARDED_AVAILABILITY = YES_AGGRESSIVE;
				CLANG_WARN_UNREACHABLE_CODE = YES;
				CLANG_WARN__DUPLICATE_METHOD_MATCH = YES;
				COPY_PHASE_STRIP = NO;
				DEBUG_INFORMATION_FORMAT = "dwarf-with-dsym";
				ENABLE_NS_ASSERTIONS = NO;
				ENABLE_STRICT_OBJC_MSGSEND = YES;
				GCC_C_LANGUAGE_STANDARD = gnu11;
				GCC_NO_COMMON_BLOCKS = YES;
				GCC_WARN_64_TO_32_BIT_CONVERSION = YES;
				GCC_WARN_ABOUT_RETURN_TYPE = YES_ERROR;
				GCC_WARN_UNDECLARED_SELECTOR = YES;
				GCC_WARN_UNINITIALIZED_AUTOS = YES_AGGRESSIVE;
				GCC_WARN_UNUSED_FUNCTION = YES;
				GCC_WARN_UNUSED_VARIABLE = YES;
				IPHONEOS_DEPLOYMENT_TARGET = 13.1;
				MTL_ENABLE_DEBUG_INFO = NO;
				MTL_FAST_MATH = YES;
				SDKROOT = iphoneos;
				SWIFT_COMPILATION_MODE = wholemodule;
				SWIFT_OPTIMIZATION_LEVEL = "-O";
				VALIDATE_PRODUCT = YES;
			};
			name = Release;
		};
		3660BF5E24737065005A72B9 /* Debug */ = {
			isa = XCBuildConfiguration;
			buildSettings = {
				ASSETCATALOG_COMPILER_APPICON_NAME = AppIcon;
				CODE_SIGN_STYLE = Automatic;
				DEVELOPMENT_TEAM = "";
				INFOPLIST_FILE = CoreMLExample/Info.plist;
				LD_RUNPATH_SEARCH_PATHS = (
					"$(inherited)",
					"@executable_path/Frameworks",
				);
				PRODUCT_BUNDLE_IDENTIFIER = www.infinitelearning.id.CoreMLExample;
				PRODUCT_NAME = "$(TARGET_NAME)";
				SWIFT_VERSION = 5.0;
				TARGETED_DEVICE_FAMILY = "1,2";
			};
			name = Debug;
		};
		3660BF5F24737065005A72B9 /* Release */ = {
			isa = XCBuildConfiguration;
			buildSettings = {
				ASSETCATALOG_COMPILER_APPICON_NAME = AppIcon;
				CODE_SIGN_STYLE = Automatic;
				DEVELOPMENT_TEAM = "";
				INFOPLIST_FILE = CoreMLExample/Info.plist;
				LD_RUNPATH_SEARCH_PATHS = (
					"$(inherited)",
					"@executable_path/Frameworks",
				);
				PRODUCT_BUNDLE_IDENTIFIER = www.infinitelearning.id.CoreMLExample;
				PRODUCT_NAME = "$(TARGET_NAME)";
				SWIFT_VERSION = 5.0;
				TARGETED_DEVICE_FAMILY = "1,2";
			};
			name = Release;
		};
/* End XCBuildConfiguration section */

/* Begin XCConfigurationList section */
		3660BF4424737061005A72B9 /* Build configuration list for PBXProject "CoreMLExample" */ = {
			isa = XCConfigurationList;
			buildConfigurations = (
				3660BF5B24737065005A72B9 /* Debug */,
				3660BF5C24737065005A72B9 /* Release */,
			);
			defaultConfigurationIsVisible = 0;
			defaultConfigurationName = Release;
		};
		3660BF5D24737065005A72B9 /* Build configuration list for PBXNativeTarget "CoreMLExample" */ = {
			isa = XCConfigurationList;
			buildConfigurations = (
				3660BF5E24737065005A72B9 /* Debug */,
				3660BF5F24737065005A72B9 /* Release */,
			);
			defaultConfigurationIsVisible = 0;
			defaultConfigurationName = Release;
		};
/* End XCConfigurationList section */
	};
	rootObject = 3660BF4124737061005A72B9 /* Project object */;
}
